
Microsoft Visual Studio Solution File, Format Version 12.00
# Visual Studio Version 17
VisualStudioVersion = 17.9.34728.123
MinimumVisualStudioVersion = 10.0.40219.1
Project("{FAE04EC0-301F-11D3-BF4B-00C04F79EFBC}") = "API", "API\API.csproj", "{22E89E94-FF31-4E03-8266-8E574C00B877}"
EndProject
Global
	GlobalSection(SolutionConfigurationPlatforms) = preSolution
		Debug|Any CPU = Debug|Any CPU
		Release|Any CPU = Release|Any CPU
	EndGlobalSection
	GlobalSection(ProjectConfigurationPlatforms) = postSolution
		{22E89E94-FF31-4E03-8266-8E574C00B877}.Debug|Any CPU.ActiveCfg = Debug|Any CPU
		{22E89E94-FF31-4E03-8266-8E574C00B877}.Debug|Any CPU.Build.0 = Debug|Any CPU
		{22E89E94-FF31-4E03-8266-8E574C00B877}.Release|Any CPU.ActiveCfg = Release|Any CPU
		{22E89E94-FF31-4E03-8266-8E574C00B877}.Release|Any CPU.Build.0 = Release|Any CPU
	EndGlobalSection
	GlobalSection(SolutionProperties) = preSolution
		HideSolutionNode = FALSE
	EndGlobalSection
	GlobalSection(ExtensibilityGlobals) = postSolution
		SolutionGuid = {98E3FB6C-9391-44B3-A91E-EC4145F2B1E1}
	EndGlobalSection
EndGlobal
